
Microsoft Visual Studio Solution File, Format Version 12.00
# Visual Studio Version 16
VisualStudioVersion = 16.0.31702.278
MinimumVisualStudioVersion = 10.0.40219.1
Project("{FAE04EC0-301F-11D3-BF4B-00C04F79EFBC}") = "RotationSimulator", "RotationSimulator\RotationSimulator.csproj", "{144BE50E-0CAB-4C58-A715-6E3B60E5A7B4}"
EndProject
Global
	GlobalSection(SolutionConfigurationPlatforms) = preSolution
		Debug|Any CPU = Debug|Any CPU
		Release|Any CPU = Release|Any CPU
	EndGlobalSection
	GlobalSection(ProjectConfigurationPlatforms) = postSolution
		{144BE50E-0CAB-4C58-A715-6E3B60E5A7B4}.Debug|Any CPU.ActiveCfg = Debug|Any CPU
		{144BE50E-0CAB-4C58-A715-6E3B60E5A7B4}.Debug|Any CPU.Build.0 = Debug|Any CPU
		{144BE50E-0CAB-4C58-A715-6E3B60E5A7B4}.Release|Any CPU.ActiveCfg = Release|Any CPU
		{144BE50E-0CAB-4C58-A715-6E3B60E5A7B4}.Release|Any CPU.Build.0 = Release|Any CPU
	EndGlobalSection
	GlobalSection(SolutionProperties) = preSolution
		HideSolutionNode = FALSE
	EndGlobalSection
	GlobalSection(ExtensibilityGlobals) = postSolution
		SolutionGuid = {1B669A50-1B61-41BE-9FD3-BF3BB1D0C8F1}
	EndGlobalSection
EndGlobal
